// !$*UTF8*$!
{
	archiveVersion = 1;
	classes = {
	};
	objectVersion = 48;
	objects = {

/* Begin PBXBuildFile section */
		BB366D231FABF63E003D55B0 /* AppDelegate.swift in Sources */ = {isa = PBXBuildFile; fileRef = BB366D221FABF63E003D55B0 /* AppDelegate.swift */; };
		BB366D251FABF63E003D55B0 /* ViewController.swift in Sources */ = {isa = PBXBuildFile; fileRef = BB366D241FABF63E003D55B0 /* ViewController.swift */; };
		BB366D281FABF63E003D55B0 /* Main.storyboard in Resources */ = {isa = PBXBuildFile; fileRef = BB366D261FABF63E003D55B0 /* Main.storyboard */; };
		BB366D2B1FABF63E003D55B0 /* Walktrough_UnitTesting_Swift.xcdatamodeld in Sources */ = {isa = PBXBuildFile; fileRef = BB366D291FABF63E003D55B0 /* Walktrough_UnitTesting_Swift.xcdatamodeld */; };
		BB366D2D1FABF63E003D55B0 /* Assets.xcassets in Resources */ = {isa = PBXBuildFile; fileRef = BB366D2C1FABF63E003D55B0 /* Assets.xcassets */; };
		BB366D301FABF63E003D55B0 /* LaunchScreen.storyboard in Resources */ = {isa = PBXBuildFile; fileRef = BB366D2E1FABF63E003D55B0 /* LaunchScreen.storyboard */; };
		BB366D3B1FABF63E003D55B0 /* Walktrough_UnitTesting_SwiftTests.swift in Sources */ = {isa = PBXBuildFile; fileRef = BB366D3A1FABF63E003D55B0 /* Walktrough_UnitTesting_SwiftTests.swift */; };
		BB366D461FABF63E003D55B0 /* Walktrough_UnitTesting_SwiftUITests.swift in Sources */ = {isa = PBXBuildFile; fileRef = BB366D451FABF63E003D55B0 /* Walktrough_UnitTesting_SwiftUITests.swift */; };
		BB366D541FABFBBD003D55B0 /* CalculatorBrain.swift in Sources */ = {isa = PBXBuildFile; fileRef = BB366D531FABFBBD003D55B0 /* CalculatorBrain.swift */; };
		BB366D561FABFBE3003D55B0 /* CalculatorTests.swift in Sources */ = {isa = PBXBuildFile; fileRef = BB366D551FABFBE3003D55B0 /* CalculatorTests.swift */; };
/* End PBXBuildFile section */

/* Begin PBXContainerItemProxy section */
		BB366D371FABF63E003D55B0 /* PBXContainerItemProxy */ = {
			isa = PBXContainerItemProxy;
			containerPortal = BB366D171FABF63E003D55B0 /* Project object */;
			proxyType = 1;
			remoteGlobalIDString = BB366D1E1FABF63E003D55B0;
			remoteInfo = "Walktrough-UnitTesting-Swift";
		};
		BB366D421FABF63E003D55B0 /* PBXContainerItemProxy */ = {
			isa = PBXContainerItemProxy;
			containerPortal = BB366D171FABF63E003D55B0 /* Project object */;
			proxyType = 1;
			remoteGlobalIDString = BB366D1E1FABF63E003D55B0;
			remoteInfo = "Walktrough-UnitTesting-Swift";
		};
/* End PBXContainerItemProxy section */

/* Begin PBXFileReference section */
		BB366D1F1FABF63E003D55B0 /* Walktrough-UnitTesting-Swift.app */ = {isa = PBXFileReference; explicitFileType = wrapper.application; includeInIndex = 0; path = "Walktrough-UnitTesting-Swift.app"; sourceTree = BUILT_PRODUCTS_DIR; };
		BB366D221FABF63E003D55B0 /* AppDelegate.swift */ = {isa = PBXFileReference; lastKnownFileType = sourcecode.swift; path = AppDelegate.swift; sourceTree = "<group>"; };
		BB366D241FABF63E003D55B0 /* ViewController.swift */ = {isa = PBXFileReference; lastKnownFileType = sourcecode.swift; path = ViewController.swift; sourceTree = "<group>"; };
		BB366D271FABF63E003D55B0 /* Base */ = {isa = PBXFileReference; lastKnownFileType = file.storyboard; name = Base; path = Base.lproj/Main.storyboard; sourceTree = "<group>"; };
		BB366D2A1FABF63E003D55B0 /* Walktrough_UnitTesting_Swift.xcdatamodel */ = {isa = PBXFileReference; lastKnownFileType = wrapper.xcdatamodel; path = Walktrough_UnitTesting_Swift.xcdatamodel; sourceTree = "<group>"; };
		BB366D2C1FABF63E003D55B0 /* Assets.xcassets */ = {isa = PBXFileReference; lastKnownFileType = folder.assetcatalog; path = Assets.xcassets; sourceTree = "<group>"; };
		BB366D2F1FABF63E003D55B0 /* Base */ = {isa = PBXFileReference; lastKnownFileType = file.storyboard; name = Base; path = Base.lproj/LaunchScreen.storyboard; sourceTree = "<group>"; };
		BB366D311FABF63E003D55B0 /* Info.plist */ = {isa = PBXFileReference; lastKnownFileType = text.plist.xml; path = Info.plist; sourceTree = "<group>"; };
		BB366D361FABF63E003D55B0 /* Walktrough-UnitTesting-SwiftTests.xctest */ = {isa = PBXFileReference; explicitFileType = wrapper.cfbundle; includeInIndex = 0; path = "Walktrough-UnitTesting-SwiftTests.xctest"; sourceTree = BUILT_PRODUCTS_DIR; };
		BB366D3A1FABF63E003D55B0 /* Walktrough_UnitTesting_SwiftTests.swift */ = {isa = PBXFileReference; lastKnownFileType = sourcecode.swift; path = Walktrough_UnitTesting_SwiftTests.swift; sourceTree = "<group>"; };
		BB366D3C1FABF63E003D55B0 /* Info.plist */ = {isa = PBXFileReference; lastKnownFileType = text.plist.xml; path = Info.plist; sourceTree = "<group>"; };
		BB366D411FABF63E003D55B0 /* Walktrough-UnitTesting-SwiftUITests.xctest */ = {isa = PBXFileReference; explicitFileType = wrapper.cfbundle; includeInIndex = 0; path = "Walktrough-UnitTesting-SwiftUITests.xctest"; sourceTree = BUILT_PRODUCTS_DIR; };
		BB366D451FABF63E003D55B0 /* Walktrough_UnitTesting_SwiftUITests.swift */ = {isa = PBXFileReference; lastKnownFileType = sourcecode.swift; path = Walktrough_UnitTesting_SwiftUITests.swift; sourceTree = "<group>"; };
		BB366D471FABF63E003D55B0 /* Info.plist */ = {isa = PBXFileReference; lastKnownFileType = text.plist.xml; path = Info.plist; sourceTree = "<group>"; };
		BB366D531FABFBBD003D55B0 /* CalculatorBrain.swift */ = {isa = PBXFileReference; lastKnownFileType = sourcecode.swift; path = CalculatorBrain.swift; sourceTree = "<group>"; };
		BB366D551FABFBE3003D55B0 /* CalculatorTests.swift */ = {isa = PBXFileReference; lastKnownFileType = sourcecode.swift; path = CalculatorTests.swift; sourceTree = "<group>"; };
/* End PBXFileReference section */

/* Begin PBXFrameworksBuildPhase section */
		BB366D1C1FABF63E003D55B0 /* Frameworks */ = {
			isa = PBXFrameworksBuildPhase;
			buildActionMask = 2147483647;
			files = (
			);
			runOnlyForDeploymentPostprocessing = 0;
		};
		BB366D331FABF63E003D55B0 /* Frameworks */ = {
			isa = PBXFrameworksBuildPhase;
			buildActionMask = 2147483647;
			files = (
			);
			runOnlyForDeploymentPostprocessing = 0;
		};
		BB366D3E1FABF63E003D55B0 /* Frameworks */ = {
			isa = PBXFrameworksBuildPhase;
			buildActionMask = 2147483647;
			files = (
			);
			runOnlyForDeploymentPostprocessing = 0;
		};
/* End PBXFrameworksBuildPhase section */

/* Begin PBXGroup section */
		BB366D161FABF63E003D55B0 = {
			isa = PBXGroup;
			children = (
				BB366D211FABF63E003D55B0 /* Walktrough-UnitTesting-Swift */,
				BB366D391FABF63E003D55B0 /* Walktrough-UnitTesting-SwiftTests */,
				BB366D441FABF63E003D55B0 /* Walktrough-UnitTesting-SwiftUITests */,
				BB366D201FABF63E003D55B0 /* Products */,
			);
			sourceTree = "<group>";
		};
		BB366D201FABF63E003D55B0 /* Products */ = {
			isa = PBXGroup;
			children = (
				BB366D1F1FABF63E003D55B0 /* Walktrough-UnitTesting-Swift.app */,
				BB366D361FABF63E003D55B0 /* Walktrough-UnitTesting-SwiftTests.xctest */,
				BB366D411FABF63E003D55B0 /* Walktrough-UnitTesting-SwiftUITests.xctest */,
			);
			name = Products;
			sourceTree = "<group>";
		};
		BB366D211FABF63E003D55B0 /* Walktrough-UnitTesting-Swift */ = {
			isa = PBXGroup;
			children = (
				BB366D531FABFBBD003D55B0 /* CalculatorBrain.swift */,
				BB366D221FABF63E003D55B0 /* AppDelegate.swift */,
				BB366D241FABF63E003D55B0 /* ViewController.swift */,
				BB366D261FABF63E003D55B0 /* Main.storyboard */,
				BB366D2C1FABF63E003D55B0 /* Assets.xcassets */,
				BB366D2E1FABF63E003D55B0 /* LaunchScreen.storyboard */,
				BB366D311FABF63E003D55B0 /* Info.plist */,
				BB366D291FABF63E003D55B0 /* Walktrough_UnitTesting_Swift.xcdatamodeld */,
			);
			path = "Walktrough-UnitTesting-Swift";
			sourceTree = "<group>";
		};
		BB366D391FABF63E003D55B0 /* Walktrough-UnitTesting-SwiftTests */ = {
			isa = PBXGroup;
			children = (
				BB366D551FABFBE3003D55B0 /* CalculatorTests.swift */,
				BB366D3A1FABF63E003D55B0 /* Walktrough_UnitTesting_SwiftTests.swift */,
				BB366D3C1FABF63E003D55B0 /* Info.plist */,
			);
			path = "Walktrough-UnitTesting-SwiftTests";
			sourceTree = "<group>";
		};
		BB366D441FABF63E003D55B0 /* Walktrough-UnitTesting-SwiftUITests */ = {
			isa = PBXGroup;
			children = (
				BB366D451FABF63E003D55B0 /* Walktrough_UnitTesting_SwiftUITests.swift */,
				BB366D471FABF63E003D55B0 /* Info.plist */,
			);
			path = "Walktrough-UnitTesting-SwiftUITests";
			sourceTree = "<group>";
		};
/* End PBXGroup section */

/* Begin PBXNativeTarget section */
		BB366D1E1FABF63E003D55B0 /* Walktrough-UnitTesting-Swift */ = {
			isa = PBXNativeTarget;
			buildConfigurationList = BB366D4A1FABF63E003D55B0 /* Build configuration list for PBXNativeTarget "Walktrough-UnitTesting-Swift" */;
			buildPhases = (
				BB366D1B1FABF63E003D55B0 /* Sources */,
				BB366D1C1FABF63E003D55B0 /* Frameworks */,
				BB366D1D1FABF63E003D55B0 /* Resources */,
			);
			buildRules = (
			);
			dependencies = (
			);
			name = "Walktrough-UnitTesting-Swift";
			productName = "Walktrough-UnitTesting-Swift";
			productReference = BB366D1F1FABF63E003D55B0 /* Walktrough-UnitTesting-Swift.app */;
			productType = "com.apple.product-type.application";
		};
		BB366D351FABF63E003D55B0 /* Walktrough-UnitTesting-SwiftTests */ = {
			isa = PBXNativeTarget;
			buildConfigurationList = BB366D4D1FABF63E003D55B0 /* Build configuration list for PBXNativeTarget "Walktrough-UnitTesting-SwiftTests" */;
			buildPhases = (
				BB366D321FABF63E003D55B0 /* Sources */,
				BB366D331FABF63E003D55B0 /* Frameworks */,
				BB366D341FABF63E003D55B0 /* Resources */,
			);
			buildRules = (
			);
			dependencies = (
				BB366D381FABF63E003D55B0 /* PBXTargetDependency */,
			);
			name = "Walktrough-UnitTesting-SwiftTests";
			productName = "Walktrough-UnitTesting-SwiftTests";
			productReference = BB366D361FABF63E003D55B0 /* Walktrough-UnitTesting-SwiftTests.xctest */;
			productType = "com.apple.product-type.bundle.unit-test";
		};
		BB366D401FABF63E003D55B0 /* Walktrough-UnitTesting-SwiftUITests */ = {
			isa = PBXNativeTarget;
			buildConfigurationList = BB366D501FABF63E003D55B0 /* Build configuration list for PBXNativeTarget "Walktrough-UnitTesting-SwiftUITests" */;
			buildPhases = (
				BB366D3D1FABF63E003D55B0 /* Sources */,
				BB366D3E1FABF63E003D55B0 /* Frameworks */,
				BB366D3F1FABF63E003D55B0 /* Resources */,
			);
			buildRules = (
			);
			dependencies = (
				BB366D431FABF63E003D55B0 /* PBXTargetDependency */,
			);
			name = "Walktrough-UnitTesting-SwiftUITests";
			productName = "Walktrough-UnitTesting-SwiftUITests";
			productReference = BB366D411FABF63E003D55B0 /* Walktrough-UnitTesting-SwiftUITests.xctest */;
			productType = "com.apple.product-type.bundle.ui-testing";
		};
/* End PBXNativeTarget section */

/* Begin PBXProject section */
		BB366D171FABF63E003D55B0 /* Project object */ = {
			isa = PBXProject;
			attributes = {
				LastSwiftUpdateCheck = 0910;
				LastUpgradeCheck = 0910;
				ORGANIZATIONNAME = "Mobile Consulting Solutions";
				TargetAttributes = {
					BB366D1E1FABF63E003D55B0 = {
						CreatedOnToolsVersion = 9.1;
						ProvisioningStyle = Automatic;
					};
					BB366D351FABF63E003D55B0 = {
						CreatedOnToolsVersion = 9.1;
						ProvisioningStyle = Automatic;
						TestTargetID = BB366D1E1FABF63E003D55B0;
					};
					BB366D401FABF63E003D55B0 = {
						CreatedOnToolsVersion = 9.1;
						ProvisioningStyle = Automatic;
						TestTargetID = BB366D1E1FABF63E003D55B0;
					};
				};
			};
			buildConfigurationList = BB366D1A1FABF63E003D55B0 /* Build configuration list for PBXProject "Walktrough-UnitTesting-Swift" */;
			compatibilityVersion = "Xcode 8.0";
			developmentRegion = en;
			hasScannedForEncodings = 0;
			knownRegions = (
				en,
				Base,
			);
			mainGroup = BB366D161FABF63E003D55B0;
			productRefGroup = BB366D201FABF63E003D55B0 /* Products */;
			projectDirPath = "";
			projectRoot = "";
			targets = (
				BB366D1E1FABF63E003D55B0 /* Walktrough-UnitTesting-Swift */,
				BB366D351FABF63E003D55B0 /* Walktrough-UnitTesting-SwiftTests */,
				BB366D401FABF63E003D55B0 /* Walktrough-UnitTesting-SwiftUITests */,
			);
		};
/* End PBXProject section */

/* Begin PBXResourcesBuildPhase section */
		BB366D1D1FABF63E003D55B0 /* Resources */ = {
			isa = PBXResourcesBuildPhase;
			buildActionMask = 2147483647;
			files = (
				BB366D301FABF63E003D55B0 /* LaunchScreen.storyboard in Resources */,
				BB366D2D1FABF63E003D55B0 /* Assets.xcassets in Resources */,
				BB366D281FABF63E003D55B0 /* Main.storyboard in Resources */,
			);
			runOnlyForDeploymentPostprocessing = 0;
		};
		BB366D341FABF63E003D55B0 /* Resources */ = {
			isa = PBXResourcesBuildPhase;
			buildActionMask = 2147483647;
			files = (
			);
			runOnlyForDeploymentPostprocessing = 0;
		};
		BB366D3F1FABF63E003D55B0 /* Resources */ = {
			isa = PBXResourcesBuildPhase;
			buildActionMask = 2147483647;
			files = (
			);
			runOnlyForDeploymentPostprocessing = 0;
		};
/* End PBXResourcesBuildPhase section */

/* Begin PBXSourcesBuildPhase section */
		BB366D1B1FABF63E003D55B0 /* Sources */ = {
			isa = PBXSourcesBuildPhase;
			buildActionMask = 2147483647;
			files = (
				BB366D2B1FABF63E003D55B0 /* Walktrough_UnitTesting_Swift.xcdatamodeld in Sources */,
				BB366D251FABF63E003D55B0 /* ViewController.swift in Sources */,
				BB366D541FABFBBD003D55B0 /* CalculatorBrain.swift in Sources */,
				BB366D231FABF63E003D55B0 /* AppDelegate.swift in Sources */,
			);
			runOnlyForDeploymentPostprocessing = 0;
		};
		BB366D321FABF63E003D55B0 /* Sources */ = {
			isa = PBXSourcesBuildPhase;
			buildActionMask = 2147483647;
			files = (
				BB366D3B1FABF63E003D55B0 /* Walktrough_UnitTesting_SwiftTests.swift in Sources */,
				BB366D561FABFBE3003D55B0 /* CalculatorTests.swift in Sources */,
			);
			runOnlyForDeploymentPostprocessing = 0;
		};
		BB366D3D1FABF63E003D55B0 /* Sources */ = {
			isa = PBXSourcesBuildPhase;
			buildActionMask = 2147483647;
			files = (
				BB366D461FABF63E003D55B0 /* Walktrough_UnitTesting_SwiftUITests.swift in Sources */,
			);
			runOnlyForDeploymentPostprocessing = 0;
		};
/* End PBXSourcesBuildPhase section */

/* Begin PBXTargetDependency section */
		BB366D381FABF63E003D55B0 /* PBXTargetDependency */ = {
			isa = PBXTargetDependency;
			target = BB366D1E1FABF63E003D55B0 /* Walktrough-UnitTesting-Swift */;
			targetProxy = BB366D371FABF63E003D55B0 /* PBXContainerItemProxy */;
		};
		BB366D431FABF63E003D55B0 /* PBXTargetDependency */ = {
			isa = PBXTargetDependency;
			target = BB366D1E1FABF63E003D55B0 /* Walktrough-UnitTesting-Swift */;
			targetProxy = BB366D421FABF63E003D55B0 /* PBXContainerItemProxy */;
		};
/* End PBXTargetDependency section */

/* Begin PBXVariantGroup section */
		BB366D261FABF63E003D55B0 /* Main.storyboard */ = {
			isa = PBXVariantGroup;
			children = (
				BB366D271FABF63E003D55B0 /* Base */,
			);
			name = Main.storyboard;
			sourceTree = "<group>";
		};
		BB366D2E1FABF63E003D55B0 /* LaunchScreen.storyboard */ = {
			isa = PBXVariantGroup;
			children = (
				BB366D2F1FABF63E003D55B0 /* Base */,
			);
			name = LaunchScreen.storyboard;
			sourceTree = "<group>";
		};
/* End PBXVariantGroup section */

/* Begin XCBuildConfiguration section */
		BB366D481FABF63E003D55B0 /* Debug */ = {
			isa = XCBuildConfiguration;
			buildSettings = {
				ALWAYS_SEARCH_USER_PATHS = NO;
				CLANG_ANALYZER_NONNULL = YES;
				CLANG_ANALYZER_NUMBER_OBJECT_CONVERSION = YES_AGGRESSIVE;
				CLANG_CXX_LANGUAGE_STANDARD = "gnu++14";
				CLANG_CXX_LIBRARY = "libc++";
				CLANG_ENABLE_MODULES = YES;
				CLANG_ENABLE_OBJC_ARC = YES;
				CLANG_WARN_BLOCK_CAPTURE_AUTORELEASING = YES;
				CLANG_WARN_BOOL_CONVERSION = YES;
				CLANG_WARN_COMMA = YES;
				CLANG_WARN_CONSTANT_CONVERSION = YES;
				CLANG_WARN_DIRECT_OBJC_ISA_USAGE = YES_ERROR;
				CLANG_WARN_DOCUMENTATION_COMMENTS = YES;
				CLANG_WARN_EMPTY_BODY = YES;
				CLANG_WARN_ENUM_CONVERSION = YES;
				CLANG_WARN_INFINITE_RECURSION = YES;
				CLANG_WARN_INT_CONVERSION = YES;
				CLANG_WARN_NON_LITERAL_NULL_CONVERSION = YES;
				CLANG_WARN_OBJC_LITERAL_CONVERSION = YES;
				CLANG_WARN_OBJC_ROOT_CLASS = YES_ERROR;
				CLANG_WARN_RANGE_LOOP_ANALYSIS = YES;
				CLANG_WARN_STRICT_PROTOTYPES = YES;
				CLANG_WARN_SUSPICIOUS_MOVE = YES;
				CLANG_WARN_UNGUARDED_AVAILABILITY = YES_AGGRESSIVE;
				CLANG_WARN_UNREACHABLE_CODE = YES;
				CLANG_WARN__DUPLICATE_METHOD_MATCH = YES;
				CODE_SIGN_IDENTITY = "iPhone Developer";
				COPY_PHASE_STRIP = NO;
				DEBUG_INFORMATION_FORMAT = dwarf;
				ENABLE_STRICT_OBJC_MSGSEND = YES;
				ENABLE_TESTABILITY = YES;
				GCC_C_LANGUAGE_STANDARD = gnu11;
				GCC_DYNAMIC_NO_PIC = NO;
				GCC_NO_COMMON_BLOCKS = YES;
				GCC_OPTIMIZATION_LEVEL = 0;
				GCC_PREPROCESSOR_DEFINITIONS = (
					"DEBUG=1",
					"$(inherited)",
				);
				GCC_WARN_64_TO_32_BIT_CONVERSION = YES;
				GCC_WARN_ABOUT_RETURN_TYPE = YES_ERROR;
				GCC_WARN_UNDECLARED_SELECTOR = YES;
				GCC_WARN_UNINITIALIZED_AUTOS = YES_AGGRESSIVE;
				GCC_WARN_UNUSED_FUNCTION = YES;
				GCC_WARN_UNUSED_VARIABLE = YES;
				IPHONEOS_DEPLOYMENT_TARGET = 11.1;
				MTL_ENABLE_DEBUG_INFO = YES;
				ONLY_ACTIVE_ARCH = YES;
				SDKROOT = iphoneos;
				SWIFT_ACTIVE_COMPILATION_CONDITIONS = DEBUG;
				SWIFT_OPTIMIZATION_LEVEL = "-Onone";
			};
			name = Debug;
		};
		BB366D491FABF63E003D55B0 /* Release */ = {
			isa = XCBuildConfiguration;
			buildSettings = {
				ALWAYS_SEARCH_USER_PATHS = NO;
				CLANG_ANALYZER_NONNULL = YES;
				CLANG_ANALYZER_NUMBER_OBJECT_CONVERSION = YES_AGGRESSIVE;
				CLANG_CXX_LANGUAGE_STANDARD = "gnu++14";
				CLANG_CXX_LIBRARY = "libc++";
				CLANG_ENABLE_MODULES = YES;
				CLANG_ENABLE_OBJC_ARC = YES;
				CLANG_WARN_BLOCK_CAPTURE_AUTORELEASING = YES;
				CLANG_WARN_BOOL_CONVERSION = YES;
				CLANG_WARN_COMMA = YES;
				CLANG_WARN_CONSTANT_CONVERSION = YES;
				CLANG_WARN_DIRECT_OBJC_ISA_USAGE = YES_ERROR;
				CLANG_WARN_DOCUMENTATION_COMMENTS = YES;
				CLANG_WARN_EMPTY_BODY = YES;
				CLANG_WARN_ENUM_CONVERSION = YES;
				CLANG_WARN_INFINITE_RECURSION = YES;
				CLANG_WARN_INT_CONVERSION = YES;
				CLANG_WARN_NON_LITERAL_NULL_CONVERSION = YES;
				CLANG_WARN_OBJC_LITERAL_CONVERSION = YES;
				CLANG_WARN_OBJC_ROOT_CLASS = YES_ERROR;
				CLANG_WARN_RANGE_LOOP_ANALYSIS = YES;
				CLANG_WARN_STRICT_PROTOTYPES = YES;
				CLANG_WARN_SUSPICIOUS_MOVE = YES;
				CLANG_WARN_UNGUARDED_AVAILABILITY = YES_AGGRESSIVE;
				CLANG_WARN_UNREACHABLE_CODE = YES;
				CLANG_WARN__DUPLICATE_METHOD_MATCH = YES;
				CODE_SIGN_IDENTITY = "iPhone Developer";
				COPY_PHASE_STRIP = NO;
				DEBUG_INFORMATION_FORMAT = "dwarf-with-dsym";
				ENABLE_NS_ASSERTIONS = NO;
				ENABLE_STRICT_OBJC_MSGSEND = YES;
				GCC_C_LANGUAGE_STANDARD = gnu11;
				GCC_NO_COMMON_BLOCKS = YES;
				GCC_WARN_64_TO_32_BIT_CONVERSION = YES;
				GCC_WARN_ABOUT_RETURN_TYPE = YES_ERROR;
				GCC_WARN_UNDECLARED_SELECTOR = YES;
				GCC_WARN_UNINITIALIZED_AUTOS = YES_AGGRESSIVE;
				GCC_WARN_UNUSED_FUNCTION = YES;
				GCC_WARN_UNUSED_VARIABLE = YES;
				IPHONEOS_DEPLOYMENT_TARGET = 11.1;
				MTL_ENABLE_DEBUG_INFO = NO;
				SDKROOT = iphoneos;
				SWIFT_OPTIMIZATION_LEVEL = "-Owholemodule";
				VALIDATE_PRODUCT = YES;
			};
			name = Release;
		};
		BB366D4B1FABF63E003D55B0 /* Debug */ = {
			isa = XCBuildConfiguration;
			buildSettings = {
				ASSETCATALOG_COMPILER_APPICON_NAME = AppIcon;
				CODE_SIGN_STYLE = Automatic;
				DEFINES_MODULE = NO;
				DEVELOPMENT_TEAM = 76456274W3;
				INFOPLIST_FILE = "Walktrough-UnitTesting-Swift/Info.plist";
				LD_RUNPATH_SEARCH_PATHS = "$(inherited) @executable_path/Frameworks";
				PRODUCT_BUNDLE_IDENTIFIER = "MCS.Walktrough-UnitTesting-Swift";
				PRODUCT_NAME = "$(TARGET_NAME)";
				SWIFT_VERSION = 4.0;
				TARGETED_DEVICE_FAMILY = "1,2";
			};
			name = Debug;
		};
		BB366D4C1FABF63E003D55B0 /* Release */ = {
			isa = XCBuildConfiguration;
			buildSettings = {
				ASSETCATALOG_COMPILER_APPICON_NAME = AppIcon;
				CODE_SIGN_STYLE = Automatic;
				DEFINES_MODULE = NO;
				DEVELOPMENT_TEAM = 76456274W3;
				INFOPLIST_FILE = "Walktrough-UnitTesting-Swift/Info.plist";
				LD_RUNPATH_SEARCH_PATHS = "$(inherited) @executable_path/Frameworks";
				PRODUCT_BUNDLE_IDENTIFIER = "MCS.Walktrough-UnitTesting-Swift";
				PRODUCT_NAME = "$(TARGET_NAME)";
				SWIFT_VERSION = 4.0;
				TARGETED_DEVICE_FAMILY = "1,2";
			};
			name = Release;
		};
		BB366D4E1FABF63E003D55B0 /* Debug */ = {
			isa = XCBuildConfiguration;
			buildSettings = {
				ALWAYS_EMBED_SWIFT_STANDARD_LIBRARIES = YES;
				BUNDLE_LOADER = "$(TEST_HOST)";
				CODE_SIGN_STYLE = Automatic;
				DEVELOPMENT_TEAM = 76456274W3;
				INFOPLIST_FILE = "Walktrough-UnitTesting-SwiftTests/Info.plist";
				LD_RUNPATH_SEARCH_PATHS = "$(inherited) @executable_path/Frameworks @loader_path/Frameworks";
				PRODUCT_BUNDLE_IDENTIFIER = "MCS.Walktrough-UnitTesting-SwiftTests";
				PRODUCT_NAME = "$(TARGET_NAME)";
				SWIFT_VERSION = 4.0;
				TARGETED_DEVICE_FAMILY = "1,2";
				TEST_HOST = "$(BUILT_PRODUCTS_DIR)/Walktrough-UnitTesting-Swift.app/Walktrough-UnitTesting-Swift";
			};
			name = Debug;
		};
		BB366D4F1FABF63E003D55B0 /* Release */ = {
			isa = XCBuildConfiguration;
			buildSettings = {
				ALWAYS_EMBED_SWIFT_STANDARD_LIBRARIES = YES;
				BUNDLE_LOADER = "$(TEST_HOST)";
				CODE_SIGN_STYLE = Automatic;
				DEVELOPMENT_TEAM = 76456274W3;
				INFOPLIST_FILE = "Walktrough-UnitTesting-SwiftTests/Info.plist";
				LD_RUNPATH_SEARCH_PATHS = "$(inherited) @executable_path/Frameworks @loader_path/Frameworks";
				PRODUCT_BUNDLE_IDENTIFIER = "MCS.Walktrough-UnitTesting-SwiftTests";
				PRODUCT_NAME = "$(TARGET_NAME)";
				SWIFT_VERSION = 4.0;
				TARGETED_DEVICE_FAMILY = "1,2";
				TEST_HOST = "$(BUILT_PRODUCTS_DIR)/Walktrough-UnitTesting-Swift.app/Walktrough-UnitTesting-Swift";
			};
			name = Release;
		};
		BB366D511FABF63E003D55B0 /* Debug */ = {
			isa = XCBuildConfiguration;
			buildSettings = {
				ALWAYS_EMBED_SWIFT_STANDARD_LIBRARIES = YES;
				CODE_SIGN_STYLE = Automatic;
				DEVELOPMENT_TEAM = 76456274W3;
				INFOPLIST_FILE = "Walktrough-UnitTesting-SwiftUITests/Info.plist";
				LD_RUNPATH_SEARCH_PATHS = "$(inherited) @executable_path/Frameworks @loader_path/Frameworks";
				PRODUCT_BUNDLE_IDENTIFIER = "MCS.Walktrough-UnitTesting-SwiftUITests";
				PRODUCT_NAME = "$(TARGET_NAME)";
				SWIFT_VERSION = 4.0;
				TARGETED_DEVICE_FAMILY = "1,2";
				TEST_TARGET_NAME = "Walktrough-UnitTesting-Swift";
			};
			name = Debug;
		};
		BB366D521FABF63E003D55B0 /* Release */ = {
			isa = XCBuildConfiguration;
			buildSettings = {
				ALWAYS_EMBED_SWIFT_STANDARD_LIBRARIES = YES;
				CODE_SIGN_STYLE = Automatic;
				DEVELOPMENT_TEAM = 76456274W3;
				INFOPLIST_FILE = "Walktrough-UnitTesting-SwiftUITests/Info.plist";
				LD_RUNPATH_SEARCH_PATHS = "$(inherited) @executable_path/Frameworks @loader_path/Frameworks";
				PRODUCT_BUNDLE_IDENTIFIER = "MCS.Walktrough-UnitTesting-SwiftUITests";
				PRODUCT_NAME = "$(TARGET_NAME)";
				SWIFT_VERSION = 4.0;
				TARGETED_DEVICE_FAMILY = "1,2";
				TEST_TARGET_NAME = "Walktrough-UnitTesting-Swift";
			};
			name = Release;
		};
/* End XCBuildConfiguration section */

/* Begin XCConfigurationList section */
		BB366D1A1FABF63E003D55B0 /* Build configuration list for PBXProject "Walktrough-UnitTesting-Swift" */ = {
			isa = XCConfigurationList;
			buildConfigurations = (
				BB366D481FABF63E003D55B0 /* Debug */,
				BB366D491FABF63E003D55B0 /* Release */,
			);
			defaultConfigurationIsVisible = 0;
			defaultConfigurationName = Release;
		};
		BB366D4A1FABF63E003D55B0 /* Build configuration list for PBXNativeTarget "Walktrough-UnitTesting-Swift" */ = {
			isa = XCConfigurationList;
			buildConfigurations = (
				BB366D4B1FABF63E003D55B0 /* Debug */,
				BB366D4C1FABF63E003D55B0 /* Release */,
			);
			defaultConfigurationIsVisible = 0;
			defaultConfigurationName = Release;
		};
		BB366D4D1FABF63E003D55B0 /* Build configuration list for PBXNativeTarget "Walktrough-UnitTesting-SwiftTests" */ = {
			isa = XCConfigurationList;
			buildConfigurations = (
				BB366D4E1FABF63E003D55B0 /* Debug */,
				BB366D4F1FABF63E003D55B0 /* Release */,
			);
			defaultConfigurationIsVisible = 0;
			defaultConfigurationName = Release;
		};
		BB366D501FABF63E003D55B0 /* Build configuration list for PBXNativeTarget "Walktrough-UnitTesting-SwiftUITests" */ = {
			isa = XCConfigurationList;
			buildConfigurations = (
				BB366D511FABF63E003D55B0 /* Debug */,
				BB366D521FABF63E003D55B0 /* Release */,
			);
			defaultConfigurationIsVisible = 0;
			defaultConfigurationName = Release;
		};
/* End XCConfigurationList section */

/* Begin XCVersionGroup section */
		BB366D291FABF63E003D55B0 /* Walktrough_UnitTesting_Swift.xcdatamodeld */ = {
			isa = XCVersionGroup;
			children = (
				BB366D2A1FABF63E003D55B0 /* Walktrough_UnitTesting_Swift.xcdatamodel */,
			);
			currentVersion = BB366D2A1FABF63E003D55B0 /* Walktrough_UnitTesting_Swift.xcdatamodel */;
			path = Walktrough_UnitTesting_Swift.xcdatamodeld;
			sourceTree = "<group>";
			versionGroupType = wrapper.xcdatamodel;
		};
/* End XCVersionGroup section */
	};
	rootObject = BB366D171FABF63E003D55B0 /* Project object */;
}
